{
  "nodes": {
    "ai-harnesses": {
      "inputs": {
        "readonly-bash": [
          "readonly-bash"
        ]
      },
      "locked": {
        "lastModified": 1782656154,
        "narHash": "sha256-YUeGzAeu46nI2EoQM462gNnkm6QEvbz+XRQhX5BCyHI=",
        "owner": "blackhat-7",
        "repo": "ai-harnesses",
        "rev": "ea0c5484047711448db8d12644304952830a6bcc",
        "type": "github"
      },
      "original": {
        "owner": "blackhat-7",
        "ref": "main",
        "repo": "ai-harnesses",
        "type": "github"
      }
    },
    "home-manager": {
      "inputs": {
        "nixpkgs": [
          "nixpkgs"
        ]
      },
      "locked": {
        "lastModified": 1780515920,
        "narHash": "sha256-8KX2hEeOX6KP3hBBJJI8dGWVrzbOOf1rBPmg/GUG24U=",
        "owner": "nix-community",
        "repo": "home-manager",
        "rev": "4c5c1e8ba14f1c7475fa31ff11bc1c19cd220974",
        "type": "github"
      },
      "original": {
        "owner": "nix-community",
        "repo": "home-manager",
        "type": "github"
      }
    },
    "nix-darwin": {
      "inputs": {
        "nixpkgs": [
          "nixpkgs"
        ]
      },
      "locked": {
        "lastModified": 1779036909,
        "narHash": "sha256-zXcwYQGCT6pzinK+1dBB2ekTVtfxGZAapb3Evdcu4fY=",
        "owner": "LnL7",
        "repo": "nix-darwin",
        "rev": "56c666e108467d87d13508936aade6d567f2a501",
        "type": "github"
      },
      "original": {
        "owner": "LnL7",
        "repo": "nix-darwin",
        "type": "github"
      }
    },
    "nix-index-database": {
      "inputs": {
        "nixpkgs": [
          "nixpkgs"
        ]
      },
      "locked": {
        "lastModified": 1780210899,
        "narHash": "sha256-4axz3OBPTKa6LIkXV8n0lc63MQU+et2CB5DGobEAi6k=",
        "owner": "Mic92",
        "repo": "nix-index-database",
        "rev": "97df9dc0b7c924344b793a15c1e8e4522ebb854e",
        "type": "github"
      },
      "original": {
        "owner": "Mic92",
        "repo": "nix-index-database",
        "type": "github"
      }
    },
    "nixpkgs": {
      "locked": {
        "lastModified": 1782723713,
        "narHash": "sha256-oPXCU/SSUokcGaJREHibG1CBX3+s/W7orDWQOZDsEeQ=",
        "owner": "NixOS",
        "repo": "nixpkgs",
        "rev": "b5aa0fbd538984f6e3d201be0005b4463d8b09f8",
        "type": "github"
      },
      "original": {
        "owner": "NixOS",
        "ref": "nixos-unstable",
        "repo": "nixpkgs",
        "type": "github"
      }
    },
    "readonly-bash": {
      "flake": false,
      "locked": {
        "lastModified": 1782303061,
        "narHash": "sha256-7FdfmH9f3DwUvpcPa/LetTo7pEmEFhAqyqJ8xpOUfIc=",
        "owner": "blackhat-7",
        "repo": "readonly-bash",
        "rev": "fd773a6e01000406a3b2ba54416740afca62943f",
        "type": "github"
      },
      "original": {
        "owner": "blackhat-7",
        "ref": "main",
        "repo": "readonly-bash",
        "type": "github"
      }
    },
    "root": {
      "inputs": {
        "ai-harnesses": "ai-harnesses",
        "home-manager": "home-manager",
        "nix-darwin": "nix-darwin",
        "nix-index-database": "nix-index-database",
        "nixpkgs": "nixpkgs",
        "readonly-bash": "readonly-bash",
        "tmux-agent-radar": "tmux-agent-radar"
      }
    },
    "tmux-agent-radar": {
      "inputs": {
        "nixpkgs": [
          "nixpkgs"
        ]
      },
      "locked": {
        "lastModified": 1782541517,
        "narHash": "sha256-j2/KGGTSzNmCUDQ1o8yvXAQV0dUlCkb50eppD/8ORo4=",
        "owner": "blackhat-7",
        "repo": "tmux-agent-radar",
        "rev": "3c52b8778bed90d666d298fd856bdce67685f1f6",
        "type": "github"
      },
      "original": {
        "owner": "blackhat-7",
        "ref": "main",
        "repo": "tmux-agent-radar",
        "type": "github"
      }
    }
  },
  "root": "root",
  "version": 7
}
