{
  "nodes": {
    "ai-harnesses": {
      "inputs": {
        "readonly-bash": [
          "readonly-bash"
        ]
      },
      "locked": {
        "lastModified": 1782503797,
        "narHash": "sha256-rpOq0bhMFMbbAh6DTmCtVWC576YiHokWCJQDaUTTlns=",
        "owner": "blackhat-7",
        "repo": "ai-harnesses",
        "rev": "540535aa88d2180b233630ca552e54105b942d50",
        "type": "github"
      },
      "original": {
        "owner": "blackhat-7",
        "ref": "main",
        "repo": "ai-harnesses",
        "type": "github"
      }
    },
    "home-manager": {
      "inputs": {
        "nixpkgs": [
          "nixpkgs"
        ]
      },
      "locked": {
        "lastModified": 1780515920,
        "narHash": "sha256-8KX2hEeOX6KP3hBBJJI8dGWVrzbOOf1rBPmg/GUG24U=",
        "owner": "nix-community",
        "repo": "home-manager",
        "rev": "4c5c1e8ba14f1c7475fa31ff11bc1c19cd220974",
        "type": "github"
      },
      "original": {
        "owner": "nix-community",
        "repo": "home-manager",
        "type": "github"
      }
    },
    "nix-darwin": {
      "inputs": {
        "nixpkgs": [
          "nixpkgs"
        ]
      },
      "locked": {
        "lastModified": 1779036909,
        "narHash": "sha256-zXcwYQGCT6pzinK+1dBB2ekTVtfxGZAapb3Evdcu4fY=",
        "owner": "LnL7",
        "repo": "nix-darwin",
        "rev": "56c666e108467d87d13508936aade6d567f2a501",
        "type": "github"
      },
      "original": {
        "owner": "LnL7",
        "repo": "nix-darwin",
        "type": "github"
      }
    },
    "nix-index-database": {
      "inputs": {
        "nixpkgs": [
          "nixpkgs"
        ]
      },
      "locked": {
        "lastModified": 1780210899,
        "narHash": "sha256-4axz3OBPTKa6LIkXV8n0lc63MQU+et2CB5DGobEAi6k=",
        "owner": "Mic92",
        "repo": "nix-index-database",
        "rev": "97df9dc0b7c924344b793a15c1e8e4522ebb854e",
        "type": "github"
      },
      "original": {
        "owner": "Mic92",
        "repo": "nix-index-database",
        "type": "github"
      }
    },
    "nixpkgs": {
      "locked": {
        "lastModified": 1782467914,
        "narHash": "sha256-pGvFkM8N0xEkIIXDe5YYfbEAvHrk4IxBrjB/x8OomhE=",
        "owner": "NixOS",
        "repo": "nixpkgs",
        "rev": "e73de5be04e0eff4190a1432b946d469c794e7b4",
        "type": "github"
      },
      "original": {
        "owner": "NixOS",
        "ref": "nixos-unstable",
        "repo": "nixpkgs",
        "type": "github"
      }
    },
    "readonly-bash": {
      "flake": false,
      "locked": {
        "lastModified": 1782303061,
        "narHash": "sha256-7FdfmH9f3DwUvpcPa/LetTo7pEmEFhAqyqJ8xpOUfIc=",
        "owner": "blackhat-7",
        "repo": "readonly-bash",
        "rev": "fd773a6e01000406a3b2ba54416740afca62943f",
        "type": "github"
      },
      "original": {
        "owner": "blackhat-7",
        "ref": "main",
        "repo": "readonly-bash",
        "type": "github"
      }
    },
    "root": {
      "inputs": {
        "ai-harnesses": "ai-harnesses",
        "home-manager": "home-manager",
        "nix-darwin": "nix-darwin",
        "nix-index-database": "nix-index-database",
        "nixpkgs": "nixpkgs",
        "readonly-bash": "readonly-bash",
        "tmux-agent-radar": "tmux-agent-radar"
      }
    },
    "tmux-agent-radar": {
      "inputs": {
        "nixpkgs": [
          "nixpkgs"
        ]
      },
      "locked": {
        "lastModified": 1782419932,
        "narHash": "sha256-tle7SdEG82zVCiXNVw8caKkDICMwqKT3VRbvzD+YWX4=",
        "owner": "blackhat-7",
        "repo": "tmux-agent-radar",
        "rev": "672205ae0e8d97ac18bb591a4c4e5dca12d02eb0",
        "type": "github"
      },
      "original": {
        "owner": "blackhat-7",
        "ref": "main",
        "repo": "tmux-agent-radar",
        "type": "github"
      }
    }
  },
  "root": "root",
  "version": 7
}
