{
  "nodes": {
    "ai-harnesses": {
      "inputs": {
        "readonly-bash": [
          "readonly-bash"
        ]
      },
      "locked": {
        "lastModified": 1790412884,
        "narHash": "sha256-bA+3CA3jU+x0TM89hFDSJp7SE+IizN7f+IGq3u94K+s=",
        "owner": "blackhat-7",
        "repo": "ai-harnesses",
        "rev": "ce0f43e7731d5ef154bbd7e23b0a915e5d490d24",
        "type": "github"
      },
      "original": {
        "owner": "blackhat-7",
        "ref": "main",
        "repo": "ai-harnesses",
        "type": "github"
      }
    },
    "braid": {
      "inputs": {
        "nixpkgs": [
          "nixpkgs"
        ]
      },
      "locked": {
        "lastModified": 1790035974,
        "narHash": "sha256-SLUKwD3nc2zHIe81OJ/2oyFXsZMADk0l/PJEvtDdEr4=",
        "owner": "xatuke",
        "repo": "braid",
        "rev": "e49edb32c476a79ddc05249fb2f9bec34adc77aa",
        "type": "github"
      },
      "original": {
        "owner": "xatuke",
        "repo": "braid",
        "type": "github"
      }
    },
    "home-manager": {
      "inputs": {
        "nixpkgs": [
          "nixpkgs"
        ]
      },
      "locked": {
        "lastModified": 1783222121,
        "narHash": "sha256-E/ElL373TO8lQ2aMvYyzN+k4xkVaUGoRqoa8AtM71tI=",
        "owner": "nix-community",
        "repo": "home-manager",
        "rev": "a1645f40777620c4bd2b6d854b290c2fc354a266",
        "type": "github"
      },
      "original": {
        "owner": "nix-community",
        "repo": "home-manager",
        "type": "github"
      }
    },
    "nix-darwin": {
      "inputs": {
        "nixpkgs": [
          "nixpkgs"
        ]
      },
      "locked": {
        "lastModified": 1781761792,
        "narHash": "sha256-rCPytmKNjctLloB6UgK5CRrHSwV4b0ygxtJLPPp8R14=",
        "owner": "LnL7",
        "repo": "nix-darwin",
        "rev": "a1fa429e945becaf60468600daf649be4ba0350c",
        "type": "github"
      },
      "original": {
        "owner": "LnL7",
        "repo": "nix-darwin",
        "type": "github"
      }
    },
    "nix-index-database": {
      "inputs": {
        "nixpkgs": [
          "nixpkgs"
        ]
      },
      "locked": {
        "lastModified": 1783233851,
        "narHash": "sha256-jzisD+3wWZPC4QvAsKtYguiGsmlH2SN3Mjx5LWd68Ok=",
        "owner": "Mic92",
        "repo": "nix-index-database",
        "rev": "fab14c7b63499d57cb6673d5690168c3ec42b99a",
        "type": "github"
      },
      "original": {
        "owner": "Mic92",
        "repo": "nix-index-database",
        "type": "github"
      }
    },
    "nixpkgs": {
      "locked": {
        "lastModified": 1790390834,
        "narHash": "sha256-StRyS/lFHtIw/UgJk+xo+HA66mtoWeDUbkJdvf2Byn4=",
        "owner": "NixOS",
        "repo": "nixpkgs",
        "rev": "d54020a6ac3211e9f4201631bdf67678818c0cdf",
        "type": "github"
      },
      "original": {
        "owner": "NixOS",
        "ref": "nixpkgs-unstable",
        "repo": "nixpkgs",
        "type": "github"
      }
    },
    "readonly-bash": {
      "flake": false,
      "locked": {
        "lastModified": 1786662173,
        "narHash": "sha256-I+6nhzDx1X0jyKBU/8b98L3HMd4Cl92InHbiq3UrO00=",
        "owner": "blackhat-7",
        "repo": "readonly-bash",
        "rev": "395390f320d4423b18bbd33583b7275ec79f414a",
        "type": "github"
      },
      "original": {
        "owner": "blackhat-7",
        "ref": "main",
        "repo": "readonly-bash",
        "type": "github"
      }
    },
    "root": {
      "inputs": {
        "ai-harnesses": "ai-harnesses",
        "braid": "braid",
        "home-manager": "home-manager",
        "nix-darwin": "nix-darwin",
        "nix-index-database": "nix-index-database",
        "nixpkgs": "nixpkgs",
        "readonly-bash": "readonly-bash",
        "tmux-agent-radar": "tmux-agent-radar",
        "tmux-claude-usage": "tmux-claude-usage"
      }
    },
    "tmux-agent-radar": {
      "inputs": {
        "nixpkgs": [
          "nixpkgs"
        ]
      },
      "locked": {
        "lastModified": 1789930134,
        "narHash": "sha256-Kq6+SXTiHACjZIL2ubfAivFTNv4SqvZU53b2oH595m0=",
        "owner": "blackhat-7",
        "repo": "tmux-agent-radar",
        "rev": "12a2062c37ddae97b19d87fc4668d60a6305d836",
        "type": "github"
      },
      "original": {
        "owner": "blackhat-7",
        "ref": "main",
        "repo": "tmux-agent-radar",
        "type": "github"
      }
    },
    "tmux-claude-usage": {
      "inputs": {
        "nixpkgs": [
          "nixpkgs"
        ]
      },
      "locked": {
        "lastModified": 1789928360,
        "narHash": "sha256-Qy6jyYExW3yVL9D+5JVWEA2Jl15ilnfB0tGWQJtjTFY=",
        "owner": "blackhat-7",
        "repo": "tmux-claude-usage",
        "rev": "1ab331f6a5821e296e497c7c2b9fb1af9d006c58",
        "type": "github"
      },
      "original": {
        "owner": "blackhat-7",
        "ref": "main",
        "repo": "tmux-claude-usage",
        "type": "github"
      }
    }
  },
  "root": "root",
  "version": 7
}
